// !$*UTF8*$!
{
	archiveVersion = 1;
	classes = {
	};
	objectVersion = 50;
	objects = {

/* Begin PBXBuildFile section */
		AC568B82220A3D6100B29B75 /* AppDelegate.swift in Sources */ = {isa = PBXBuildFile; fileRef = AC568B81220A3D6100B29B75 /* AppDelegate.swift */; };
		AC568B84220A3D6100B29B75 /* ViewController.swift in Sources */ = {isa = PBXBuildFile; fileRef = AC568B83220A3D6100B29B75 /* ViewController.swift */; };
		AC568B87220A3D6100B29B75 /* Main.storyboard in Resources */ = {isa = PBXBuildFile; fileRef = AC568B85220A3D6100B29B75 /* Main.storyboard */; };
		AC568B89220A3D6300B29B75 /* Assets.xcassets in Resources */ = {isa = PBXBuildFile; fileRef = AC568B88220A3D6300B29B75 /* Assets.xcassets */; };
		AC568B8C220A3D6300B29B75 /* LaunchScreen.storyboard in Resources */ = {isa = PBXBuildFile; fileRef = AC568B8A220A3D6300B29B75 /* LaunchScreen.storyboard */; };
		AC568B97220A3D6300B29B75 /* app1Tests.swift in Sources */ = {isa = PBXBuildFile; fileRef = AC568B96220A3D6300B29B75 /* app1Tests.swift */; };
		AC568BA2220A3D6300B29B75 /* app1UITests.swift in Sources */ = {isa = PBXBuildFile; fileRef = AC568BA1220A3D6300B29B75 /* app1UITests.swift */; };
/* End PBXBuildFile section */

/* Begin PBXContainerItemProxy section */
		AC568B93220A3D6300B29B75 /* PBXContainerItemProxy */ = {
			isa = PBXContainerItemProxy;
			containerPortal = AC568B76220A3D6100B29B75 /* Project object */;
			proxyType = 1;
			remoteGlobalIDString = AC568B7D220A3D6100B29B75;
			remoteInfo = app1;
		};
		AC568B9E220A3D6300B29B75 /* PBXContainerItemProxy */ = {
			isa = PBXContainerItemProxy;
			containerPortal = AC568B76220A3D6100B29B75 /* Project object */;
			proxyType = 1;
			remoteGlobalIDString = AC568B7D220A3D6100B29B75;
			remoteInfo = app1;
		};
/* End PBXContainerItemProxy section */

/* Begin PBXFileReference section */
		AC568B7E220A3D6100B29B75 /* app1.app */ = {isa = PBXFileReference; explicitFileType = wrapper.application; includeInIndex = 0; path = app1.app; sourceTree = BUILT_PRODUCTS_DIR; };
		AC568B81220A3D6100B29B75 /* AppDelegate.swift */ = {isa = PBXFileReference; lastKnownFileType = sourcecode.swift; path = AppDelegate.swift; sourceTree = "<group>"; };
		AC568B83220A3D6100B29B75 /* ViewController.swift */ = {isa = PBXFileReference; lastKnownFileType = sourcecode.swift; path = ViewController.swift; sourceTree = "<group>"; };
		AC568B86220A3D6100B29B75 /* Base */ = {isa = PBXFileReference; lastKnownFileType = file.storyboard; name = Base; path = Base.lproj/Main.storyboard; sourceTree = "<group>"; };
		AC568B88220A3D6300B29B75 /* Assets.xcassets */ = {isa = PBXFileReference; lastKnownFileType = folder.assetcatalog; path = Assets.xcassets; sourceTree = "<group>"; };
		AC568B8B220A3D6300B29B75 /* Base */ = {isa = PBXFileReference; lastKnownFileType = file.storyboard; name = Base; path = Base.lproj/LaunchScreen.storyboard; sourceTree = "<group>"; };
		AC568B8D220A3D6300B29B75 /* Info.plist */ = {isa = PBXFileReference; lastKnownFileType = text.plist.xml; path = Info.plist; sourceTree = "<group>"; };
		AC568B92220A3D6300B29B75 /* app1Tests.xctest */ = {isa = PBXFileReference; explicitFileType = wrapper.cfbundle; includeInIndex = 0; path = app1Tests.xctest; sourceTree = BUILT_PRODUCTS_DIR; };
		AC568B96220A3D6300B29B75 /* app1Tests.swift */ = {isa = PBXFileReference; lastKnownFileType = sourcecode.swift; path = app1Tests.swift; sourceTree = "<group>"; };
		AC568B98220A3D6300B29B75 /* Info.plist */ = {isa = PBXFileReference; lastKnownFileType = text.plist.xml; path = Info.plist; sourceTree = "<group>"; };
		AC568B9D220A3D6300B29B75 /* app1UITests.xctest */ = {isa = PBXFileReference; explicitFileType = wrapper.cfbundle; includeInIndex = 0; path = app1UITests.xctest; sourceTree = BUILT_PRODUCTS_DIR; };
		AC568BA1220A3D6300B29B75 /* app1UITests.swift */ = {isa = PBXFileReference; lastKnownFileType = sourcecode.swift; path = app1UITests.swift; sourceTree = "<group>"; };
		AC568BA3220A3D6300B29B75 /* Info.plist */ = {isa = PBXFileReference; lastKnownFileType = text.plist.xml; path = Info.plist; sourceTree = "<group>"; };
/* End PBXFileReference section */

/* Begin PBXFrameworksBuildPhase section */
		AC568B7B220A3D6100B29B75 /* Frameworks */ = {
			isa = PBXFrameworksBuildPhase;
			buildActionMask = 2147483647;
			files = (
			);
			runOnlyForDeploymentPostprocessing = 0;
		};
		AC568B8F220A3D6300B29B75 /* Frameworks */ = {
			isa = PBXFrameworksBuildPhase;
			buildActionMask = 2147483647;
			files = (
			);
			runOnlyForDeploymentPostprocessing = 0;
		};
		AC568B9A220A3D6300B29B75 /* Frameworks */ = {
			isa = PBXFrameworksBuildPhase;
			buildActionMask = 2147483647;
			files = (
			);
			runOnlyForDeploymentPostprocessing = 0;
		};
/* End PBXFrameworksBuildPhase section */

/* Begin PBXGroup section */
		AC568B75220A3D6100B29B75 = {
			isa = PBXGroup;
			children = (
				AC568B80220A3D6100B29B75 /* app1 */,
				AC568B95220A3D6300B29B75 /* app1Tests */,
				AC568BA0220A3D6300B29B75 /* app1UITests */,
				AC568B7F220A3D6100B29B75 /* Products */,
			);
			sourceTree = "<group>";
		};
		AC568B7F220A3D6100B29B75 /* Products */ = {
			isa = PBXGroup;
			children = (
				AC568B7E220A3D6100B29B75 /* app1.app */,
				AC568B92220A3D6300B29B75 /* app1Tests.xctest */,
				AC568B9D220A3D6300B29B75 /* app1UITests.xctest */,
			);
			name = Products;
			sourceTree = "<group>";
		};
		AC568B80220A3D6100B29B75 /* app1 */ = {
			isa = PBXGroup;
			children = (
				AC568B81220A3D6100B29B75 /* AppDelegate.swift */,
				AC568B83220A3D6100B29B75 /* ViewController.swift */,
				AC568B85220A3D6100B29B75 /* Main.storyboard */,
				AC568B88220A3D6300B29B75 /* Assets.xcassets */,
				AC568B8A220A3D6300B29B75 /* LaunchScreen.storyboard */,
				AC568B8D220A3D6300B29B75 /* Info.plist */,
			);
			path = app1;
			sourceTree = "<group>";
		};
		AC568B95220A3D6300B29B75 /* app1Tests */ = {
			isa = PBXGroup;
			children = (
				AC568B96220A3D6300B29B75 /* app1Tests.swift */,
				AC568B98220A3D6300B29B75 /* Info.plist */,
			);
			path = app1Tests;
			sourceTree = "<group>";
		};
		AC568BA0220A3D6300B29B75 /* app1UITests */ = {
			isa = PBXGroup;
			children = (
				AC568BA1220A3D6300B29B75 /* app1UITests.swift */,
				AC568BA3220A3D6300B29B75 /* Info.plist */,
			);
			path = app1UITests;
			sourceTree = "<group>";
		};
/* End PBXGroup section */

/* Begin PBXNativeTarget section */
		AC568B7D220A3D6100B29B75 /* app1 */ = {
			isa = PBXNativeTarget;
			buildConfigurationList = AC568BA6220A3D6300B29B75 /* Build configuration list for PBXNativeTarget "app1" */;
			buildPhases = (
				AC568B7A220A3D6100B29B75 /* Sources */,
				AC568B7B220A3D6100B29B75 /* Frameworks */,
				AC568B7C220A3D6100B29B75 /* Resources */,
			);
			buildRules = (
			);
			dependencies = (
			);
			name = app1;
			productName = app1;
			productReference = AC568B7E220A3D6100B29B75 /* app1.app */;
			productType = "com.apple.product-type.application";
		};
		AC568B91220A3D6300B29B75 /* app1Tests */ = {
			isa = PBXNativeTarget;
			buildConfigurationList = AC568BA9220A3D6300B29B75 /* Build configuration list for PBXNativeTarget "app1Tests" */;
			buildPhases = (
				AC568B8E220A3D6300B29B75 /* Sources */,
				AC568B8F220A3D6300B29B75 /* Frameworks */,
				AC568B90220A3D6300B29B75 /* Resources */,
			);
			buildRules = (
			);
			dependencies = (
				AC568B94220A3D6300B29B75 /* PBXTargetDependency */,
			);
			name = app1Tests;
			productName = app1Tests;
			productReference = AC568B92220A3D6300B29B75 /* app1Tests.xctest */;
			productType = "com.apple.product-type.bundle.unit-test";
		};
		AC568B9C220A3D6300B29B75 /* app1UITests */ = {
			isa = PBXNativeTarget;
			buildConfigurationList = AC568BAC220A3D6300B29B75 /* Build configuration list for PBXNativeTarget "app1UITests" */;
			buildPhases = (
				AC568B99220A3D6300B29B75 /* Sources */,
				AC568B9A220A3D6300B29B75 /* Frameworks */,
				AC568B9B220A3D6300B29B75 /* Resources */,
			);
			buildRules = (
			);
			dependencies = (
				AC568B9F220A3D6300B29B75 /* PBXTargetDependency */,
			);
			name = app1UITests;
			productName = app1UITests;
			productReference = AC568B9D220A3D6300B29B75 /* app1UITests.xctest */;
			productType = "com.apple.product-type.bundle.ui-testing";
		};
/* End PBXNativeTarget section */

/* Begin PBXProject section */
		AC568B76220A3D6100B29B75 /* Project object */ = {
			isa = PBXProject;
			attributes = {
				LastSwiftUpdateCheck = 1010;
				LastUpgradeCheck = 1010;
				ORGANIZATIONNAME = "Usuario invitado";
				TargetAttributes = {
					AC568B7D220A3D6100B29B75 = {
						CreatedOnToolsVersion = 10.1;
					};
					AC568B91220A3D6300B29B75 = {
						CreatedOnToolsVersion = 10.1;
						TestTargetID = AC568B7D220A3D6100B29B75;
					};
					AC568B9C220A3D6300B29B75 = {
						CreatedOnToolsVersion = 10.1;
						TestTargetID = AC568B7D220A3D6100B29B75;
					};
				};
			};
			buildConfigurationList = AC568B79220A3D6100B29B75 /* Build configuration list for PBXProject "app1" */;
			compatibilityVersion = "Xcode 9.3";
			developmentRegion = en;
			hasScannedForEncodings = 0;
			knownRegions = (
				en,
				Base,
			);
			mainGroup = AC568B75220A3D6100B29B75;
			productRefGroup = AC568B7F220A3D6100B29B75 /* Products */;
			projectDirPath = "";
			projectRoot = "";
			targets = (
				AC568B7D220A3D6100B29B75 /* app1 */,
				AC568B91220A3D6300B29B75 /* app1Tests */,
				AC568B9C220A3D6300B29B75 /* app1UITests */,
			);
		};
/* End PBXProject section */

/* Begin PBXResourcesBuildPhase section */
		AC568B7C220A3D6100B29B75 /* Resources */ = {
			isa = PBXResourcesBuildPhase;
			buildActionMask = 2147483647;
			files = (
				AC568B8C220A3D6300B29B75 /* LaunchScreen.storyboard in Resources */,
				AC568B89220A3D6300B29B75 /* Assets.xcassets in Resources */,
				AC568B87220A3D6100B29B75 /* Main.storyboard in Resources */,
			);
			runOnlyForDeploymentPostprocessing = 0;
		};
		AC568B90220A3D6300B29B75 /* Resources */ = {
			isa = PBXResourcesBuildPhase;
			buildActionMask = 2147483647;
			files = (
			);
			runOnlyForDeploymentPostprocessing = 0;
		};
		AC568B9B220A3D6300B29B75 /* Resources */ = {
			isa = PBXResourcesBuildPhase;
			buildActionMask = 2147483647;
			files = (
			);
			runOnlyForDeploymentPostprocessing = 0;
		};
/* End PBXResourcesBuildPhase section */

/* Begin PBXSourcesBuildPhase section */
		AC568B7A220A3D6100B29B75 /* Sources */ = {
			isa = PBXSourcesBuildPhase;
			buildActionMask = 2147483647;
			files = (
				AC568B84220A3D6100B29B75 /* ViewController.swift in Sources */,
				AC568B82220A3D6100B29B75 /* AppDelegate.swift in Sources */,
			);
			runOnlyForDeploymentPostprocessing = 0;
		};
		AC568B8E220A3D6300B29B75 /* Sources */ = {
			isa = PBXSourcesBuildPhase;
			buildActionMask = 2147483647;
			files = (
				AC568B97220A3D6300B29B75 /* app1Tests.swift in Sources */,
			);
			runOnlyForDeploymentPostprocessing = 0;
		};
		AC568B99220A3D6300B29B75 /* Sources */ = {
			isa = PBXSourcesBuildPhase;
			buildActionMask = 2147483647;
			files = (
				AC568BA2220A3D6300B29B75 /* app1UITests.swift in Sources */,
			);
			runOnlyForDeploymentPostprocessing = 0;
		};
/* End PBXSourcesBuildPhase section */

/* Begin PBXTargetDependency section */
		AC568B94220A3D6300B29B75 /* PBXTargetDependency */ = {
			isa = PBXTargetDependency;
			target = AC568B7D220A3D6100B29B75 /* app1 */;
			targetProxy = AC568B93220A3D6300B29B75 /* PBXContainerItemProxy */;
		};
		AC568B9F220A3D6300B29B75 /* PBXTargetDependency */ = {
			isa = PBXTargetDependency;
			target = AC568B7D220A3D6100B29B75 /* app1 */;
			targetProxy = AC568B9E220A3D6300B29B75 /* PBXContainerItemProxy */;
		};
/* End PBXTargetDependency section */

/* Begin PBXVariantGroup section */
		AC568B85220A3D6100B29B75 /* Main.storyboard */ = {
			isa = PBXVariantGroup;
			children = (
				AC568B86220A3D6100B29B75 /* Base */,
			);
			name = Main.storyboard;
			sourceTree = "<group>";
		};
		AC568B8A220A3D6300B29B75 /* LaunchScreen.storyboard */ = {
			isa = PBXVariantGroup;
			children = (
				AC568B8B220A3D6300B29B75 /* Base */,
			);
			name = LaunchScreen.storyboard;
			sourceTree = "<group>";
		};
/* End PBXVariantGroup section */

/* Begin XCBuildConfiguration section */
		AC568BA4220A3D6300B29B75 /* Debug */ = {
			isa = XCBuildConfiguration;
			buildSettings = {
				ALWAYS_SEARCH_USER_PATHS = NO;
				CLANG_ANALYZER_NONNULL = YES;
				CLANG_ANALYZER_NUMBER_OBJECT_CONVERSION = YES_AGGRESSIVE;
				CLANG_CXX_LANGUAGE_STANDARD = "gnu++14";
				CLANG_CXX_LIBRARY = "libc++";
				CLANG_ENABLE_MODULES = YES;
				CLANG_ENABLE_OBJC_ARC = YES;
				CLANG_ENABLE_OBJC_WEAK = YES;
				CLANG_WARN_BLOCK_CAPTURE_AUTORELEASING = YES;
				CLANG_WARN_BOOL_CONVERSION = YES;
				CLANG_WARN_COMMA = YES;
				CLANG_WARN_CONSTANT_CONVERSION = YES;
				CLANG_WARN_DEPRECATED_OBJC_IMPLEMENTATIONS = YES;
				CLANG_WARN_DIRECT_OBJC_ISA_USAGE = YES_ERROR;
				CLANG_WARN_DOCUMENTATION_COMMENTS = YES;
				CLANG_WARN_EMPTY_BODY = YES;
				CLANG_WARN_ENUM_CONVERSION = YES;
				CLANG_WARN_INFINITE_RECURSION = YES;
				CLANG_WARN_INT_CONVERSION = YES;
				CLANG_WARN_NON_LITERAL_NULL_CONVERSION = YES;
				CLANG_WARN_OBJC_IMPLICIT_RETAIN_SELF = YES;
				CLANG_WARN_OBJC_LITERAL_CONVERSION = YES;
				CLANG_WARN_OBJC_ROOT_CLASS = YES_ERROR;
				CLANG_WARN_RANGE_LOOP_ANALYSIS = YES;
				CLANG_WARN_STRICT_PROTOTYPES = YES;
				CLANG_WARN_SUSPICIOUS_MOVE = YES;
				CLANG_WARN_UNGUARDED_AVAILABILITY = YES_AGGRESSIVE;
				CLANG_WARN_UNREACHABLE_CODE = YES;
				CLANG_WARN__DUPLICATE_METHOD_MATCH = YES;
				CODE_SIGN_IDENTITY = "iPhone Developer";
				COPY_PHASE_STRIP = NO;
				DEBUG_INFORMATION_FORMAT = dwarf;
				ENABLE_STRICT_OBJC_MSGSEND = YES;
				ENABLE_TESTABILITY = YES;
				GCC_C_LANGUAGE_STANDARD = gnu11;
				GCC_DYNAMIC_NO_PIC = NO;
				GCC_NO_COMMON_BLOCKS = YES;
				GCC_OPTIMIZATION_LEVEL = 0;
				GCC_PREPROCESSOR_DEFINITIONS = (
					"DEBUG=1",
					"$(inherited)",
				);
				GCC_WARN_64_TO_32_BIT_CONVERSION = YES;
				GCC_WARN_ABOUT_RETURN_TYPE = YES_ERROR;
				GCC_WARN_UNDECLARED_SELECTOR = YES;
				GCC_WARN_UNINITIALIZED_AUTOS = YES_AGGRESSIVE;
				GCC_WARN_UNUSED_FUNCTION = YES;
				GCC_WARN_UNUSED_VARIABLE = YES;
				IPHONEOS_DEPLOYMENT_TARGET = 12.1;
				MTL_ENABLE_DEBUG_INFO = INCLUDE_SOURCE;
				MTL_FAST_MATH = YES;
				ONLY_ACTIVE_ARCH = YES;
				SDKROOT = iphoneos;
				SWIFT_ACTIVE_COMPILATION_CONDITIONS = DEBUG;
				SWIFT_OPTIMIZATION_LEVEL = "-Onone";
			};
			name = Debug;
		};
		AC568BA5220A3D6300B29B75 /* Release */ = {
			isa = XCBuildConfiguration;
			buildSettings = {
				ALWAYS_SEARCH_USER_PATHS = NO;
				CLANG_ANALYZER_NONNULL = YES;
				CLANG_ANALYZER_NUMBER_OBJECT_CONVERSION = YES_AGGRESSIVE;
				CLANG_CXX_LANGUAGE_STANDARD = "gnu++14";
				CLANG_CXX_LIBRARY = "libc++";
				CLANG_ENABLE_MODULES = YES;
				CLANG_ENABLE_OBJC_ARC = YES;
				CLANG_ENABLE_OBJC_WEAK = YES;
				CLANG_WARN_BLOCK_CAPTURE_AUTORELEASING = YES;
				CLANG_WARN_BOOL_CONVERSION = YES;
				CLANG_WARN_COMMA = YES;
				CLANG_WARN_CONSTANT_CONVERSION = YES;
				CLANG_WARN_DEPRECATED_OBJC_IMPLEMENTATIONS = YES;
				CLANG_WARN_DIRECT_OBJC_ISA_USAGE = YES_ERROR;
				CLANG_WARN_DOCUMENTATION_COMMENTS = YES;
				CLANG_WARN_EMPTY_BODY = YES;
				CLANG_WARN_ENUM_CONVERSION = YES;
				CLANG_WARN_INFINITE_RECURSION = YES;
				CLANG_WARN_INT_CONVERSION = YES;
				CLANG_WARN_NON_LITERAL_NULL_CONVERSION = YES;
				CLANG_WARN_OBJC_IMPLICIT_RETAIN_SELF = YES;
				CLANG_WARN_OBJC_LITERAL_CONVERSION = YES;
				CLANG_WARN_OBJC_ROOT_CLASS = YES_ERROR;
				CLANG_WARN_RANGE_LOOP_ANALYSIS = YES;
				CLANG_WARN_STRICT_PROTOTYPES = YES;
				CLANG_WARN_SUSPICIOUS_MOVE = YES;
				CLANG_WARN_UNGUARDED_AVAILABILITY = YES_AGGRESSIVE;
				CLANG_WARN_UNREACHABLE_CODE = YES;
				CLANG_WARN__DUPLICATE_METHOD_MATCH = YES;
				CODE_SIGN_IDENTITY = "iPhone Developer";
				COPY_PHASE_STRIP = NO;
				DEBUG_INFORMATION_FORMAT = "dwarf-with-dsym";
				ENABLE_NS_ASSERTIONS = NO;
				ENABLE_STRICT_OBJC_MSGSEND = YES;
				GCC_C_LANGUAGE_STANDARD = gnu11;
				GCC_NO_COMMON_BLOCKS = YES;
				GCC_WARN_64_TO_32_BIT_CONVERSION = YES;
				GCC_WARN_ABOUT_RETURN_TYPE = YES_ERROR;
				GCC_WARN_UNDECLARED_SELECTOR = YES;
				GCC_WARN_UNINITIALIZED_AUTOS = YES_AGGRESSIVE;
				GCC_WARN_UNUSED_FUNCTION = YES;
				GCC_WARN_UNUSED_VARIABLE = YES;
				IPHONEOS_DEPLOYMENT_TARGET = 12.1;
				MTL_ENABLE_DEBUG_INFO = NO;
				MTL_FAST_MATH = YES;
				SDKROOT = iphoneos;
				SWIFT_COMPILATION_MODE = wholemodule;
				SWIFT_OPTIMIZATION_LEVEL = "-O";
				VALIDATE_PRODUCT = YES;
			};
			name = Release;
		};
		AC568BA7220A3D6300B29B75 /* Debug */ = {
			isa = XCBuildConfiguration;
			buildSettings = {
				ASSETCATALOG_COMPILER_APPICON_NAME = AppIcon;
				CODE_SIGN_STYLE = Automatic;
				INFOPLIST_FILE = app1/Info.plist;
				LD_RUNPATH_SEARCH_PATHS = (
					"$(inherited)",
					"@executable_path/Frameworks",
				);
				PRODUCT_BUNDLE_IDENTIFIER = com.ioslab.app1;
				PRODUCT_NAME = "$(TARGET_NAME)";
				SWIFT_VERSION = 4.2;
				TARGETED_DEVICE_FAMILY = "1,2";
			};
			name = Debug;
		};
		AC568BA8220A3D6300B29B75 /* Release */ = {
			isa = XCBuildConfiguration;
			buildSettings = {
				ASSETCATALOG_COMPILER_APPICON_NAME = AppIcon;
				CODE_SIGN_STYLE = Automatic;
				INFOPLIST_FILE = app1/Info.plist;
				LD_RUNPATH_SEARCH_PATHS = (
					"$(inherited)",
					"@executable_path/Frameworks",
				);
				PRODUCT_BUNDLE_IDENTIFIER = com.ioslab.app1;
				PRODUCT_NAME = "$(TARGET_NAME)";
				SWIFT_VERSION = 4.2;
				TARGETED_DEVICE_FAMILY = "1,2";
			};
			name = Release;
		};
		AC568BAA220A3D6300B29B75 /* Debug */ = {
			isa = XCBuildConfiguration;
			buildSettings = {
				ALWAYS_EMBED_SWIFT_STANDARD_LIBRARIES = YES;
				BUNDLE_LOADER = "$(TEST_HOST)";
				CODE_SIGN_STYLE = Automatic;
				INFOPLIST_FILE = app1Tests/Info.plist;
				LD_RUNPATH_SEARCH_PATHS = (
					"$(inherited)",
					"@executable_path/Frameworks",
					"@loader_path/Frameworks",
				);
				PRODUCT_BUNDLE_IDENTIFIER = com.ioslab.app1Tests;
				PRODUCT_NAME = "$(TARGET_NAME)";
				SWIFT_VERSION = 4.2;
				TARGETED_DEVICE_FAMILY = "1,2";
				TEST_HOST = "$(BUILT_PRODUCTS_DIR)/app1.app/app1";
			};
			name = Debug;
		};
		AC568BAB220A3D6300B29B75 /* Release */ = {
			isa = XCBuildConfiguration;
			buildSettings = {
				ALWAYS_EMBED_SWIFT_STANDARD_LIBRARIES = YES;
				BUNDLE_LOADER = "$(TEST_HOST)";
				CODE_SIGN_STYLE = Automatic;
				INFOPLIST_FILE = app1Tests/Info.plist;
				LD_RUNPATH_SEARCH_PATHS = (
					"$(inherited)",
					"@executable_path/Frameworks",
					"@loader_path/Frameworks",
				);
				PRODUCT_BUNDLE_IDENTIFIER = com.ioslab.app1Tests;
				PRODUCT_NAME = "$(TARGET_NAME)";
				SWIFT_VERSION = 4.2;
				TARGETED_DEVICE_FAMILY = "1,2";
				TEST_HOST = "$(BUILT_PRODUCTS_DIR)/app1.app/app1";
			};
			name = Release;
		};
		AC568BAD220A3D6300B29B75 /* Debug */ = {
			isa = XCBuildConfiguration;
			buildSettings = {
				ALWAYS_EMBED_SWIFT_STANDARD_LIBRARIES = YES;
				CODE_SIGN_STYLE = Automatic;
				INFOPLIST_FILE = app1UITests/Info.plist;
				LD_RUNPATH_SEARCH_PATHS = (
					"$(inherited)",
					"@executable_path/Frameworks",
					"@loader_path/Frameworks",
				);
				PRODUCT_BUNDLE_IDENTIFIER = com.ioslab.app1UITests;
				PRODUCT_NAME = "$(TARGET_NAME)";
				SWIFT_VERSION = 4.2;
				TARGETED_DEVICE_FAMILY = "1,2";
				TEST_TARGET_NAME = app1;
			};
			name = Debug;
		};
		AC568BAE220A3D6300B29B75 /* Release */ = {
			isa = XCBuildConfiguration;
			buildSettings = {
				ALWAYS_EMBED_SWIFT_STANDARD_LIBRARIES = YES;
				CODE_SIGN_STYLE = Automatic;
				INFOPLIST_FILE = app1UITests/Info.plist;
				LD_RUNPATH_SEARCH_PATHS = (
					"$(inherited)",
					"@executable_path/Frameworks",
					"@loader_path/Frameworks",
				);
				PRODUCT_BUNDLE_IDENTIFIER = com.ioslab.app1UITests;
				PRODUCT_NAME = "$(TARGET_NAME)";
				SWIFT_VERSION = 4.2;
				TARGETED_DEVICE_FAMILY = "1,2";
				TEST_TARGET_NAME = app1;
			};
			name = Release;
		};
/* End XCBuildConfiguration section */

/* Begin XCConfigurationList section */
		AC568B79220A3D6100B29B75 /* Build configuration list for PBXProject "app1" */ = {
			isa = XCConfigurationList;
			buildConfigurations = (
				AC568BA4220A3D6300B29B75 /* Debug */,
				AC568BA5220A3D6300B29B75 /* Release */,
			);
			defaultConfigurationIsVisible = 0;
			defaultConfigurationName = Release;
		};
		AC568BA6220A3D6300B29B75 /* Build configuration list for PBXNativeTarget "app1" */ = {
			isa = XCConfigurationList;
			buildConfigurations = (
				AC568BA7220A3D6300B29B75 /* Debug */,
				AC568BA8220A3D6300B29B75 /* Release */,
			);
			defaultConfigurationIsVisible = 0;
			defaultConfigurationName = Release;
		};
		AC568BA9220A3D6300B29B75 /* Build configuration list for PBXNativeTarget "app1Tests" */ = {
			isa = XCConfigurationList;
			buildConfigurations = (
				AC568BAA220A3D6300B29B75 /* Debug */,
				AC568BAB220A3D6300B29B75 /* Release */,
			);
			defaultConfigurationIsVisible = 0;
			defaultConfigurationName = Release;
		};
		AC568BAC220A3D6300B29B75 /* Build configuration list for PBXNativeTarget "app1UITests" */ = {
			isa = XCConfigurationList;
			buildConfigurations = (
				AC568BAD220A3D6300B29B75 /* Debug */,
				AC568BAE220A3D6300B29B75 /* Release */,
			);
			defaultConfigurationIsVisible = 0;
			defaultConfigurationName = Release;
		};
/* End XCConfigurationList section */
	};
	rootObject = AC568B76220A3D6100B29B75 /* Project object */;
}
